// !$*UTF8*$!
{
	archiveVersion = 1;
	classes = {
	};
	objectVersion = 56;
	objects = {

/* Begin PBXBuildFile section */
		F41A01042B9B6E2F00FE541F /* RockPaperScissorsApp.swift in Sources */ = {isa = PBXBuildFile; fileRef = F41A01032B9B6E2F00FE541F /* RockPaperScissorsApp.swift */; };
		F41A01062B9B6E2F00FE541F /* ContentView.swift in Sources */ = {isa = PBXBuildFile; fileRef = F41A01052B9B6E2F00FE541F /* ContentView.swift */; };
		F41A01082B9B6E3000FE541F /* Assets.xcassets in Resources */ = {isa = PBXBuildFile; fileRef = F41A01072B9B6E3000FE541F /* Assets.xcassets */; };
		F41A010B2B9B6E3000FE541F /* Preview Assets.xcassets in Resources */ = {isa = PBXBuildFile; fileRef = F41A010A2B9B6E3000FE541F /* Preview Assets.xcassets */; };
		F41A01152B9B6E3100FE541F /* RockPaperScissorsTests.swift in Sources */ = {isa = PBXBuildFile; fileRef = F41A01142B9B6E3100FE541F /* RockPaperScissorsTests.swift */; };
		F41A011F2B9B6E3100FE541F /* RockPaperScissorsUITests.swift in Sources */ = {isa = PBXBuildFile; fileRef = F41A011E2B9B6E3100FE541F /* RockPaperScissorsUITests.swift */; };
		F41A01212B9B6E3100FE541F /* RockPaperScissorsUITestsLaunchTests.swift in Sources */ = {isa = PBXBuildFile; fileRef = F41A01202B9B6E3100FE541F /* RockPaperScissorsUITestsLaunchTests.swift */; };
/* End PBXBuildFile section */

/* Begin PBXContainerItemProxy section */
		F41A01112B9B6E3100FE541F /* PBXContainerItemProxy */ = {
			isa = PBXContainerItemProxy;
			containerPortal = F41A00F82B9B6E2F00FE541F /* Project object */;
			proxyType = 1;
			remoteGlobalIDString = F41A00FF2B9B6E2F00FE541F;
			remoteInfo = RockPaperScissors;
		};
		F41A011B2B9B6E3100FE541F /* PBXContainerItemProxy */ = {
			isa = PBXContainerItemProxy;
			containerPortal = F41A00F82B9B6E2F00FE541F /* Project object */;
			proxyType = 1;
			remoteGlobalIDString = F41A00FF2B9B6E2F00FE541F;
			remoteInfo = RockPaperScissors;
		};
/* End PBXContainerItemProxy section */

/* Begin PBXFileReference section */
		F41A01002B9B6E2F00FE541F /* RockPaperScissors.app */ = {isa = PBXFileReference; explicitFileType = wrapper.application; includeInIndex = 0; path = RockPaperScissors.app; sourceTree = BUILT_PRODUCTS_DIR; };
		F41A01032B9B6E2F00FE541F /* RockPaperScissorsApp.swift */ = {isa = PBXFileReference; lastKnownFileType = sourcecode.swift; path = RockPaperScissorsApp.swift; sourceTree = "<group>"; };
		F41A01052B9B6E2F00FE541F /* ContentView.swift */ = {isa = PBXFileReference; lastKnownFileType = sourcecode.swift; path = ContentView.swift; sourceTree = "<group>"; };
		F41A01072B9B6E3000FE541F /* Assets.xcassets */ = {isa = PBXFileReference; lastKnownFileType = folder.assetcatalog; path = Assets.xcassets; sourceTree = "<group>"; };
		F41A010A2B9B6E3000FE541F /* Preview Assets.xcassets */ = {isa = PBXFileReference; lastKnownFileType = folder.assetcatalog; path = "Preview Assets.xcassets"; sourceTree = "<group>"; };
		F41A01102B9B6E3100FE541F /* RockPaperScissorsTests.xctest */ = {isa = PBXFileReference; explicitFileType = wrapper.cfbundle; includeInIndex = 0; path = RockPaperScissorsTests.xctest; sourceTree = BUILT_PRODUCTS_DIR; };
		F41A01142B9B6E3100FE541F /* RockPaperScissorsTests.swift */ = {isa = PBXFileReference; lastKnownFileType = sourcecode.swift; path = RockPaperScissorsTests.swift; sourceTree = "<group>"; };
		F41A011A2B9B6E3100FE541F /* RockPaperScissorsUITests.xctest */ = {isa = PBXFileReference; explicitFileType = wrapper.cfbundle; includeInIndex = 0; path = RockPaperScissorsUITests.xctest; sourceTree = BUILT_PRODUCTS_DIR; };
		F41A011E2B9B6E3100FE541F /* RockPaperScissorsUITests.swift */ = {isa = PBXFileReference; lastKnownFileType = sourcecode.swift; path = RockPaperScissorsUITests.swift; sourceTree = "<group>"; };
		F41A01202B9B6E3100FE541F /* RockPaperScissorsUITestsLaunchTests.swift */ = {isa = PBXFileReference; lastKnownFileType = sourcecode.swift; path = RockPaperScissorsUITestsLaunchTests.swift; sourceTree = "<group>"; };
/* End PBXFileReference section */

/* Begin PBXFrameworksBuildPhase section */
		F41A00FD2B9B6E2F00FE541F /* Frameworks */ = {
			isa = PBXFrameworksBuildPhase;
			buildActionMask = 2147483647;
			files = (
			);
			runOnlyForDeploymentPostprocessing = 0;
		};
		F41A010D2B9B6E3100FE541F /* Frameworks */ = {
			isa = PBXFrameworksBuildPhase;
			buildActionMask = 2147483647;
			files = (
			);
			runOnlyForDeploymentPostprocessing = 0;
		};
		F41A01172B9B6E3100FE541F /* Frameworks */ = {
			isa = PBXFrameworksBuildPhase;
			buildActionMask = 2147483647;
			files = (
			);
			runOnlyForDeploymentPostprocessing = 0;
		};
/* End PBXFrameworksBuildPhase section */

/* Begin PBXGroup section */
		F41A00F72B9B6E2F00FE541F = {
			isa = PBXGroup;
			children = (
				F41A01022B9B6E2F00FE541F /* RockPaperScissors */,
				F41A01132B9B6E3100FE541F /* RockPaperScissorsTests */,
				F41A011D2B9B6E3100FE541F /* RockPaperScissorsUITests */,
				F41A01012B9B6E2F00FE541F /* Products */,
			);
			sourceTree = "<group>";
		};
		F41A01012B9B6E2F00FE541F /* Products */ = {
			isa = PBXGroup;
			children = (
				F41A01002B9B6E2F00FE541F /* RockPaperScissors.app */,
				F41A01102B9B6E3100FE541F /* RockPaperScissorsTests.xctest */,
				F41A011A2B9B6E3100FE541F /* RockPaperScissorsUITests.xctest */,
			);
			name = Products;
			sourceTree = "<group>";
		};
		F41A01022B9B6E2F00FE541F /* RockPaperScissors */ = {
			isa = PBXGroup;
			children = (
				F41A01032B9B6E2F00FE541F /* RockPaperScissorsApp.swift */,
				F41A01052B9B6E2F00FE541F /* ContentView.swift */,
				F41A01072B9B6E3000FE541F /* Assets.xcassets */,
				F41A01092B9B6E3000FE541F /* Preview Content */,
			);
			path = RockPaperScissors;
			sourceTree = "<group>";
		};
		F41A01092B9B6E3000FE541F /* Preview Content */ = {
			isa = PBXGroup;
			children = (
				F41A010A2B9B6E3000FE541F /* Preview Assets.xcassets */,
			);
			path = "Preview Content";
			sourceTree = "<group>";
		};
		F41A01132B9B6E3100FE541F /* RockPaperScissorsTests */ = {
			isa = PBXGroup;
			children = (
				F41A01142B9B6E3100FE541F /* RockPaperScissorsTests.swift */,
			);
			path = RockPaperScissorsTests;
			sourceTree = "<group>";
		};
		F41A011D2B9B6E3100FE541F /* RockPaperScissorsUITests */ = {
			isa = PBXGroup;
			children = (
				F41A011E2B9B6E3100FE541F /* RockPaperScissorsUITests.swift */,
				F41A01202B9B6E3100FE541F /* RockPaperScissorsUITestsLaunchTests.swift */,
			);
			path = RockPaperScissorsUITests;
			sourceTree = "<group>";
		};
/* End PBXGroup section */

/* Begin PBXNativeTarget section */
		F41A00FF2B9B6E2F00FE541F /* RockPaperScissors */ = {
			isa = PBXNativeTarget;
			buildConfigurationList = F41A01242B9B6E3100FE541F /* Build configuration list for PBXNativeTarget "RockPaperScissors" */;
			buildPhases = (
				F41A00FC2B9B6E2F00FE541F /* Sources */,
				F41A00FD2B9B6E2F00FE541F /* Frameworks */,
				F41A00FE2B9B6E2F00FE541F /* Resources */,
			);
			buildRules = (
			);
			dependencies = (
			);
			name = RockPaperScissors;
			productName = RockPaperScissors;
			productReference = F41A01002B9B6E2F00FE541F /* RockPaperScissors.app */;
			productType = "com.apple.product-type.application";
		};
		F41A010F2B9B6E3100FE541F /* RockPaperScissorsTests */ = {
			isa = PBXNativeTarget;
			buildConfigurationList = F41A01272B9B6E3100FE541F /* Build configuration list for PBXNativeTarget "RockPaperScissorsTests" */;
			buildPhases = (
				F41A010C2B9B6E3100FE541F /* Sources */,
				F41A010D2B9B6E3100FE541F /* Frameworks */,
				F41A010E2B9B6E3100FE541F /* Resources */,
			);
			buildRules = (
			);
			dependencies = (
				F41A01122B9B6E3100FE541F /* PBXTargetDependency */,
			);
			name = RockPaperScissorsTests;
			productName = RockPaperScissorsTests;
			productReference = F41A01102B9B6E3100FE541F /* RockPaperScissorsTests.xctest */;
			productType = "com.apple.product-type.bundle.unit-test";
		};
		F41A01192B9B6E3100FE541F /* RockPaperScissorsUITests */ = {
			isa = PBXNativeTarget;
			buildConfigurationList = F41A012A2B9B6E3100FE541F /* Build configuration list for PBXNativeTarget "RockPaperScissorsUITests" */;
			buildPhases = (
				F41A01162B9B6E3100FE541F /* Sources */,
				F41A01172B9B6E3100FE541F /* Frameworks */,
				F41A01182B9B6E3100FE541F /* Resources */,
			);
			buildRules = (
			);
			dependencies = (
				F41A011C2B9B6E3100FE541F /* PBXTargetDependency */,
			);
			name = RockPaperScissorsUITests;
			productName = RockPaperScissorsUITests;
			productReference = F41A011A2B9B6E3100FE541F /* RockPaperScissorsUITests.xctest */;
			productType = "com.apple.product-type.bundle.ui-testing";
		};
/* End PBXNativeTarget section */

/* Begin PBXProject section */
		F41A00F82B9B6E2F00FE541F /* Project object */ = {
			isa = PBXProject;
			attributes = {
				BuildIndependentTargetsInParallel = 1;
				LastSwiftUpdateCheck = 1430;
				LastUpgradeCheck = 1430;
				TargetAttributes = {
					F41A00FF2B9B6E2F00FE541F = {
						CreatedOnToolsVersion = 14.3.1;
					};
					F41A010F2B9B6E3100FE541F = {
						CreatedOnToolsVersion = 14.3.1;
						TestTargetID = F41A00FF2B9B6E2F00FE541F;
					};
					F41A01192B9B6E3100FE541F = {
						CreatedOnToolsVersion = 14.3.1;
						TestTargetID = F41A00FF2B9B6E2F00FE541F;
					};
				};
			};
			buildConfigurationList = F41A00FB2B9B6E2F00FE541F /* Build configuration list for PBXProject "RockPaperScissors" */;
			compatibilityVersion = "Xcode 14.0";
			developmentRegion = en;
			hasScannedForEncodings = 0;
			knownRegions = (
				en,
				Base,
			);
			mainGroup = F41A00F72B9B6E2F00FE541F;
			productRefGroup = F41A01012B9B6E2F00FE541F /* Products */;
			projectDirPath = "";
			projectRoot = "";
			targets = (
				F41A00FF2B9B6E2F00FE541F /* RockPaperScissors */,
				F41A010F2B9B6E3100FE541F /* RockPaperScissorsTests */,
				F41A01192B9B6E3100FE541F /* RockPaperScissorsUITests */,
			);
		};
/* End PBXProject section */

/* Begin PBXResourcesBuildPhase section */
		F41A00FE2B9B6E2F00FE541F /* Resources */ = {
			isa = PBXResourcesBuildPhase;
			buildActionMask = 2147483647;
			files = (
				F41A010B2B9B6E3000FE541F /* Preview Assets.xcassets in Resources */,
				F41A01082B9B6E3000FE541F /* Assets.xcassets in Resources */,
			);
			runOnlyForDeploymentPostprocessing = 0;
		};
		F41A010E2B9B6E3100FE541F /* Resources */ = {
			isa = PBXResourcesBuildPhase;
			buildActionMask = 2147483647;
			files = (
			);
			runOnlyForDeploymentPostprocessing = 0;
		};
		F41A01182B9B6E3100FE541F /* Resources */ = {
			isa = PBXResourcesBuildPhase;
			buildActionMask = 2147483647;
			files = (
			);
			runOnlyForDeploymentPostprocessing = 0;
		};
/* End PBXResourcesBuildPhase section */

/* Begin PBXSourcesBuildPhase section */
		F41A00FC2B9B6E2F00FE541F /* Sources */ = {
			isa = PBXSourcesBuildPhase;
			buildActionMask = 2147483647;
			files = (
				F41A01062B9B6E2F00FE541F /* ContentView.swift in Sources */,
				F41A01042B9B6E2F00FE541F /* RockPaperScissorsApp.swift in Sources */,
			);
			runOnlyForDeploymentPostprocessing = 0;
		};
		F41A010C2B9B6E3100FE541F /* Sources */ = {
			isa = PBXSourcesBuildPhase;
			buildActionMask = 2147483647;
			files = (
				F41A01152B9B6E3100FE541F /* RockPaperScissorsTests.swift in Sources */,
			);
			runOnlyForDeploymentPostprocessing = 0;
		};
		F41A01162B9B6E3100FE541F /* Sources */ = {
			isa = PBXSourcesBuildPhase;
			buildActionMask = 2147483647;
			files = (
				F41A011F2B9B6E3100FE541F /* RockPaperScissorsUITests.swift in Sources */,
				F41A01212B9B6E3100FE541F /* RockPaperScissorsUITestsLaunchTests.swift in Sources */,
			);
			runOnlyForDeploymentPostprocessing = 0;
		};
/* End PBXSourcesBuildPhase section */

/* Begin PBXTargetDependency section */
		F41A01122B9B6E3100FE541F /* PBXTargetDependency */ = {
			isa = PBXTargetDependency;
			target = F41A00FF2B9B6E2F00FE541F /* RockPaperScissors */;
			targetProxy = F41A01112B9B6E3100FE541F /* PBXContainerItemProxy */;
		};
		F41A011C2B9B6E3100FE541F /* PBXTargetDependency */ = {
			isa = PBXTargetDependency;
			target = F41A00FF2B9B6E2F00FE541F /* RockPaperScissors */;
			targetProxy = F41A011B2B9B6E3100FE541F /* PBXContainerItemProxy */;
		};
/* End PBXTargetDependency section */

/* Begin XCBuildConfiguration section */
		F41A01222B9B6E3100FE541F /* Debug */ = {
			isa = XCBuildConfiguration;
			buildSettings = {
				ALWAYS_SEARCH_USER_PATHS = NO;
				CLANG_ANALYZER_NONNULL = YES;
				CLANG_ANALYZER_NUMBER_OBJECT_CONVERSION = YES_AGGRESSIVE;
				CLANG_CXX_LANGUAGE_STANDARD = "gnu++20";
				CLANG_ENABLE_MODULES = YES;
				CLANG_ENABLE_OBJC_ARC = YES;
				CLANG_ENABLE_OBJC_WEAK = YES;
				CLANG_WARN_BLOCK_CAPTURE_AUTORELEASING = YES;
				CLANG_WARN_BOOL_CONVERSION = YES;
				CLANG_WARN_COMMA = YES;
				CLANG_WARN_CONSTANT_CONVERSION = YES;
				CLANG_WARN_DEPRECATED_OBJC_IMPLEMENTATIONS = YES;
				CLANG_WARN_DIRECT_OBJC_ISA_USAGE = YES_ERROR;
				CLANG_WARN_DOCUMENTATION_COMMENTS = YES;
				CLANG_WARN_EMPTY_BODY = YES;
				CLANG_WARN_ENUM_CONVERSION = YES;
				CLANG_WARN_INFINITE_RECURSION = YES;
				CLANG_WARN_INT_CONVERSION = YES;
				CLANG_WARN_NON_LITERAL_NULL_CONVERSION = YES;
				CLANG_WARN_OBJC_IMPLICIT_RETAIN_SELF = YES;
				CLANG_WARN_OBJC_LITERAL_CONVERSION = YES;
				CLANG_WARN_OBJC_ROOT_CLASS = YES_ERROR;
				CLANG_WARN_QUOTED_INCLUDE_IN_FRAMEWORK_HEADER = YES;
				CLANG_WARN_RANGE_LOOP_ANALYSIS = YES;
				CLANG_WARN_STRICT_PROTOTYPES = YES;
				CLANG_WARN_SUSPICIOUS_MOVE = YES;
				CLANG_WARN_UNGUARDED_AVAILABILITY = YES_AGGRESSIVE;
				CLANG_WARN_UNREACHABLE_CODE = YES;
				CLANG_WARN__DUPLICATE_METHOD_MATCH = YES;
				COPY_PHASE_STRIP = NO;
				DEBUG_INFORMATION_FORMAT = dwarf;
				ENABLE_STRICT_OBJC_MSGSEND = YES;
				ENABLE_TESTABILITY = YES;
				GCC_C_LANGUAGE_STANDARD = gnu11;
				GCC_DYNAMIC_NO_PIC = NO;
				GCC_NO_COMMON_BLOCKS = YES;
				GCC_OPTIMIZATION_LEVEL = 0;
				GCC_PREPROCESSOR_DEFINITIONS = (
					"DEBUG=1",
					"$(inherited)",
				);
				GCC_WARN_64_TO_32_BIT_CONVERSION = YES;
				GCC_WARN_ABOUT_RETURN_TYPE = YES_ERROR;
				GCC_WARN_UNDECLARED_SELECTOR = YES;
				GCC_WARN_UNINITIALIZED_AUTOS = YES_AGGRESSIVE;
				GCC_WARN_UNUSED_FUNCTION = YES;
				GCC_WARN_UNUSED_VARIABLE = YES;
				IPHONEOS_DEPLOYMENT_TARGET = 16.4;
				MTL_ENABLE_DEBUG_INFO = INCLUDE_SOURCE;
				MTL_FAST_MATH = YES;
				ONLY_ACTIVE_ARCH = YES;
				SDKROOT = iphoneos;
				SWIFT_ACTIVE_COMPILATION_CONDITIONS = DEBUG;
				SWIFT_OPTIMIZATION_LEVEL = "-Onone";
			};
			name = Debug;
		};
		F41A01232B9B6E3100FE541F /* Release */ = {
			isa = XCBuildConfiguration;
			buildSettings = {
				ALWAYS_SEARCH_USER_PATHS = NO;
				CLANG_ANALYZER_NONNULL = YES;
				CLANG_ANALYZER_NUMBER_OBJECT_CONVERSION = YES_AGGRESSIVE;
				CLANG_CXX_LANGUAGE_STANDARD = "gnu++20";
				CLANG_ENABLE_MODULES = YES;
				CLANG_ENABLE_OBJC_ARC = YES;
				CLANG_ENABLE_OBJC_WEAK = YES;
				CLANG_WARN_BLOCK_CAPTURE_AUTORELEASING = YES;
				CLANG_WARN_BOOL_CONVERSION = YES;
				CLANG_WARN_COMMA = YES;
				CLANG_WARN_CONSTANT_CONVERSION = YES;
				CLANG_WARN_DEPRECATED_OBJC_IMPLEMENTATIONS = YES;
				CLANG_WARN_DIRECT_OBJC_ISA_USAGE = YES_ERROR;
				CLANG_WARN_DOCUMENTATION_COMMENTS = YES;
				CLANG_WARN_EMPTY_BODY = YES;
				CLANG_WARN_ENUM_CONVERSION = YES;
				CLANG_WARN_INFINITE_RECURSION = YES;
				CLANG_WARN_INT_CONVERSION = YES;
				CLANG_WARN_NON_LITERAL_NULL_CONVERSION = YES;
				CLANG_WARN_OBJC_IMPLICIT_RETAIN_SELF = YES;
				CLANG_WARN_OBJC_LITERAL_CONVERSION = YES;
				CLANG_WARN_OBJC_ROOT_CLASS = YES_ERROR;
				CLANG_WARN_QUOTED_INCLUDE_IN_FRAMEWORK_HEADER = YES;
				CLANG_WARN_RANGE_LOOP_ANALYSIS = YES;
				CLANG_WARN_STRICT_PROTOTYPES = YES;
				CLANG_WARN_SUSPICIOUS_MOVE = YES;
				CLANG_WARN_UNGUARDED_AVAILABILITY = YES_AGGRESSIVE;
				CLANG_WARN_UNREACHABLE_CODE = YES;
				CLANG_WARN__DUPLICATE_METHOD_MATCH = YES;
				COPY_PHASE_STRIP = NO;
				DEBUG_INFORMATION_FORMAT = "dwarf-with-dsym";
				ENABLE_NS_ASSERTIONS = NO;
				ENABLE_STRICT_OBJC_MSGSEND = YES;
				GCC_C_LANGUAGE_STANDARD = gnu11;
				GCC_NO_COMMON_BLOCKS = YES;
				GCC_WARN_64_TO_32_BIT_CONVERSION = YES;
				GCC_WARN_ABOUT_RETURN_TYPE = YES_ERROR;
				GCC_WARN_UNDECLARED_SELECTOR = YES;
				GCC_WARN_UNINITIALIZED_AUTOS = YES_AGGRESSIVE;
				GCC_WARN_UNUSED_FUNCTION = YES;
				GCC_WARN_UNUSED_VARIABLE = YES;
				IPHONEOS_DEPLOYMENT_TARGET = 16.4;
				MTL_ENABLE_DEBUG_INFO = NO;
				MTL_FAST_MATH = YES;
				SDKROOT = iphoneos;
				SWIFT_COMPILATION_MODE = wholemodule;
				SWIFT_OPTIMIZATION_LEVEL = "-O";
				VALIDATE_PRODUCT = YES;
			};
			name = Release;
		};
		F41A01252B9B6E3100FE541F /* Debug */ = {
			isa = XCBuildConfiguration;
			buildSettings = {
				ASSETCATALOG_COMPILER_APPICON_NAME = AppIcon;
				ASSETCATALOG_COMPILER_GLOBAL_ACCENT_COLOR_NAME = AccentColor;
				CODE_SIGN_STYLE = Automatic;
				CURRENT_PROJECT_VERSION = 1;
				DEVELOPMENT_ASSET_PATHS = "\"RockPaperScissors/Preview Content\"";
				ENABLE_PREVIEWS = YES;
				GENERATE_INFOPLIST_FILE = YES;
				INFOPLIST_KEY_UIApplicationSceneManifest_Generation = YES;
				INFOPLIST_KEY_UIApplicationSupportsIndirectInputEvents = YES;
				INFOPLIST_KEY_UILaunchScreen_Generation = YES;
				INFOPLIST_KEY_UISupportedInterfaceOrientations_iPad = "UIInterfaceOrientationPortrait UIInterfaceOrientationPortraitUpsideDown UIInterfaceOrientationLandscapeLeft UIInterfaceOrientationLandscapeRight";
				INFOPLIST_KEY_UISupportedInterfaceOrientations_iPhone = "UIInterfaceOrientationPortrait UIInterfaceOrientationLandscapeLeft UIInterfaceOrientationLandscapeRight";
				LD_RUNPATH_SEARCH_PATHS = (
					"$(inherited)",
					"@executable_path/Frameworks",
				);
				MARKETING_VERSION = 1.0;
				PRODUCT_BUNDLE_IDENTIFIER = yahnovec.RockPaperScissors;
				PRODUCT_NAME = "$(TARGET_NAME)";
				SWIFT_EMIT_LOC_STRINGS = YES;
				SWIFT_VERSION = 5.0;
				TARGETED_DEVICE_FAMILY = "1,2";
			};
			name = Debug;
		};
		F41A01262B9B6E3100FE541F /* Release */ = {
			isa = XCBuildConfiguration;
			buildSettings = {
				ASSETCATALOG_COMPILER_APPICON_NAME = AppIcon;
				ASSETCATALOG_COMPILER_GLOBAL_ACCENT_COLOR_NAME = AccentColor;
				CODE_SIGN_STYLE = Automatic;
				CURRENT_PROJECT_VERSION = 1;
				DEVELOPMENT_ASSET_PATHS = "\"RockPaperScissors/Preview Content\"";
				ENABLE_PREVIEWS = YES;
				GENERATE_INFOPLIST_FILE = YES;
				INFOPLIST_KEY_UIApplicationSceneManifest_Generation = YES;
				INFOPLIST_KEY_UIApplicationSupportsIndirectInputEvents = YES;
				INFOPLIST_KEY_UILaunchScreen_Generation = YES;
				INFOPLIST_KEY_UISupportedInterfaceOrientations_iPad = "UIInterfaceOrientationPortrait UIInterfaceOrientationPortraitUpsideDown UIInterfaceOrientationLandscapeLeft UIInterfaceOrientationLandscapeRight";
				INFOPLIST_KEY_UISupportedInterfaceOrientations_iPhone = "UIInterfaceOrientationPortrait UIInterfaceOrientationLandscapeLeft UIInterfaceOrientationLandscapeRight";
				LD_RUNPATH_SEARCH_PATHS = (
					"$(inherited)",
					"@executable_path/Frameworks",
				);
				MARKETING_VERSION = 1.0;
				PRODUCT_BUNDLE_IDENTIFIER = yahnovec.RockPaperScissors;
				PRODUCT_NAME = "$(TARGET_NAME)";
				SWIFT_EMIT_LOC_STRINGS = YES;
				SWIFT_VERSION = 5.0;
				TARGETED_DEVICE_FAMILY = "1,2";
			};
			name = Release;
		};
		F41A01282B9B6E3100FE541F /* Debug */ = {
			isa = XCBuildConfiguration;
			buildSettings = {
				ALWAYS_EMBED_SWIFT_STANDARD_LIBRARIES = YES;
				BUNDLE_LOADER = "$(TEST_HOST)";
				CODE_SIGN_STYLE = Automatic;
				CURRENT_PROJECT_VERSION = 1;
				GENERATE_INFOPLIST_FILE = YES;
				IPHONEOS_DEPLOYMENT_TARGET = 16.4;
				MARKETING_VERSION = 1.0;
				PRODUCT_BUNDLE_IDENTIFIER = yahnovec.RockPaperScissorsTests;
				PRODUCT_NAME = "$(TARGET_NAME)";
				SWIFT_EMIT_LOC_STRINGS = NO;
				SWIFT_VERSION = 5.0;
				TARGETED_DEVICE_FAMILY = "1,2";
				TEST_HOST = "$(BUILT_PRODUCTS_DIR)/RockPaperScissors.app/$(BUNDLE_EXECUTABLE_FOLDER_PATH)/RockPaperScissors";
			};
			name = Debug;
		};
		F41A01292B9B6E3100FE541F /* Release */ = {
			isa = XCBuildConfiguration;
			buildSettings = {
				ALWAYS_EMBED_SWIFT_STANDARD_LIBRARIES = YES;
				BUNDLE_LOADER = "$(TEST_HOST)";
				CODE_SIGN_STYLE = Automatic;
				CURRENT_PROJECT_VERSION = 1;
				GENERATE_INFOPLIST_FILE = YES;
				IPHONEOS_DEPLOYMENT_TARGET = 16.4;
				MARKETING_VERSION = 1.0;
				PRODUCT_BUNDLE_IDENTIFIER = yahnovec.RockPaperScissorsTests;
				PRODUCT_NAME = "$(TARGET_NAME)";
				SWIFT_EMIT_LOC_STRINGS = NO;
				SWIFT_VERSION = 5.0;
				TARGETED_DEVICE_FAMILY = "1,2";
				TEST_HOST = "$(BUILT_PRODUCTS_DIR)/RockPaperScissors.app/$(BUNDLE_EXECUTABLE_FOLDER_PATH)/RockPaperScissors";
			};
			name = Release;
		};
		F41A012B2B9B6E3100FE541F /* Debug */ = {
			isa = XCBuildConfiguration;
			buildSettings = {
				ALWAYS_EMBED_SWIFT_STANDARD_LIBRARIES = YES;
				CODE_SIGN_STYLE = Automatic;
				CURRENT_PROJECT_VERSION = 1;
				GENERATE_INFOPLIST_FILE = YES;
				MARKETING_VERSION = 1.0;
				PRODUCT_BUNDLE_IDENTIFIER = yahnovec.RockPaperScissorsUITests;
				PRODUCT_NAME = "$(TARGET_NAME)";
				SWIFT_EMIT_LOC_STRINGS = NO;
				SWIFT_VERSION = 5.0;
				TARGETED_DEVICE_FAMILY = "1,2";
				TEST_TARGET_NAME = RockPaperScissors;
			};
			name = Debug;
		};
		F41A012C2B9B6E3100FE541F /* Release */ = {
			isa = XCBuildConfiguration;
			buildSettings = {
				ALWAYS_EMBED_SWIFT_STANDARD_LIBRARIES = YES;
				CODE_SIGN_STYLE = Automatic;
				CURRENT_PROJECT_VERSION = 1;
				GENERATE_INFOPLIST_FILE = YES;
				MARKETING_VERSION = 1.0;
				PRODUCT_BUNDLE_IDENTIFIER = yahnovec.RockPaperScissorsUITests;
				PRODUCT_NAME = "$(TARGET_NAME)";
				SWIFT_EMIT_LOC_STRINGS = NO;
				SWIFT_VERSION = 5.0;
				TARGETED_DEVICE_FAMILY = "1,2";
				TEST_TARGET_NAME = RockPaperScissors;
			};
			name = Release;
		};
/* End XCBuildConfiguration section */

/* Begin XCConfigurationList section */
		F41A00FB2B9B6E2F00FE541F /* Build configuration list for PBXProject "RockPaperScissors" */ = {
			isa = XCConfigurationList;
			buildConfigurations = (
				F41A01222B9B6E3100FE541F /* Debug */,
				F41A01232B9B6E3100FE541F /* Release */,
			);
			defaultConfigurationIsVisible = 0;
			defaultConfigurationName = Release;
		};
		F41A01242B9B6E3100FE541F /* Build configuration list for PBXNativeTarget "RockPaperScissors" */ = {
			isa = XCConfigurationList;
			buildConfigurations = (
				F41A01252B9B6E3100FE541F /* Debug */,
				F41A01262B9B6E3100FE541F /* Release */,
			);
			defaultConfigurationIsVisible = 0;
			defaultConfigurationName = Release;
		};
		F41A01272B9B6E3100FE541F /* Build configuration list for PBXNativeTarget "RockPaperScissorsTests" */ = {
			isa = XCConfigurationList;
			buildConfigurations = (
				F41A01282B9B6E3100FE541F /* Debug */,
				F41A01292B9B6E3100FE541F /* Release */,
			);
			defaultConfigurationIsVisible = 0;
			defaultConfigurationName = Release;
		};
		F41A012A2B9B6E3100FE541F /* Build configuration list for PBXNativeTarget "RockPaperScissorsUITests" */ = {
			isa = XCConfigurationList;
			buildConfigurations = (
				F41A012B2B9B6E3100FE541F /* Debug */,
				F41A012C2B9B6E3100FE541F /* Release */,
			);
			defaultConfigurationIsVisible = 0;
			defaultConfigurationName = Release;
		};
/* End XCConfigurationList section */
	};
	rootObject = F41A00F82B9B6E2F00FE541F /* Project object */;
}
